
Microsoft Visual Studio Solution File, Format Version 12.00
# Visual Studio Version 17
VisualStudioVersion = 17.3.32819.101
MinimumVisualStudioVersion = 10.0.40219.1
Project("{FAE04EC0-301F-11D3-BF4B-00C04F79EFBC}") = "Better Stats", "Better Stats.csproj", "{F648BAF4-5A84-4D2E-8E85-EC12733DAD98}"
EndProject
Global
	GlobalSection(SolutionConfigurationPlatforms) = preSolution
		Debug|Any CPU = Debug|Any CPU
		Release|Any CPU = Release|Any CPU
	EndGlobalSection
	GlobalSection(ProjectConfigurationPlatforms) = postSolution
		{F648BAF4-5A84-4D2E-8E85-EC12733DAD98}.Debug|Any CPU.ActiveCfg = Debug|Any CPU
		{F648BAF4-5A84-4D2E-8E85-EC12733DAD98}.Debug|Any CPU.Build.0 = Debug|Any CPU
		{F648BAF4-5A84-4D2E-8E85-EC12733DAD98}.Release|Any CPU.ActiveCfg = Release|Any CPU
		{F648BAF4-5A84-4D2E-8E85-EC12733DAD98}.Release|Any CPU.Build.0 = Release|Any CPU
	EndGlobalSection
	GlobalSection(SolutionProperties) = preSolution
		HideSolutionNode = FALSE
	EndGlobalSection
	GlobalSection(ExtensibilityGlobals) = postSolution
		SolutionGuid = {A7FD2723-EC7A-4E57-8AAE-570B88F1EDAD}
	EndGlobalSection
EndGlobal
